
Microsoft Visual Studio Solution File, Format Version 12.00
# Visual Studio Version 17
VisualStudioVersion = 17.11.35327.3
MinimumVisualStudioVersion = 10.0.40219.1
Project("{9A19103F-16F7-4668-BE54-9A1E7A4F7556}") = "TaskPlanner.Server", "TaskPlanner.Server\TaskPlanner.Server.csproj", "{7E37C7A9-4C41-448E-958D-EF9AC05440D8}"
EndProject
Project("{54A90642-561A-4BB1-A94E-469ADEE60C69}") = "taskplanner.client", "taskplanner.client\taskplanner.client.esproj", "{535776F1-1446-4652-AAC4-D64D8DC081C1}"
EndProject
Project("{2150E333-8FDC-42A3-9474-1A3956D46DE8}") = "Client", "Client", "{48FB8D43-0EF7-46FE-B7B8-F5487DD70FE7}"
EndProject
Project("{2150E333-8FDC-42A3-9474-1A3956D46DE8}") = "Server", "Server", "{7C8879B4-27FA-433D-B65A-64433D744317}"
EndProject
Project("{E53339B2-1760-4266-BCC7-CA923CBCF16C}") = "docker-compose", "docker-compose.dcproj", "{E3D8EAAD-2954-4134-8E2E-98AE5E11E319}"
EndProject
Project("{FAE04EC0-301F-11D3-BF4B-00C04F79EFBC}") = "Core", "..\Core\Core.csproj", "{E637C5DA-5137-4CE1-857A-BC30B98E7A43}"
EndProject
Global
	GlobalSection(SolutionConfigurationPlatforms) = preSolution
		Debug|Any CPU = Debug|Any CPU
		Release|Any CPU = Release|Any CPU
	EndGlobalSection
	GlobalSection(ProjectConfigurationPlatforms) = postSolution
		{7E37C7A9-4C41-448E-958D-EF9AC05440D8}.Debug|Any CPU.ActiveCfg = Debug|Any CPU
		{7E37C7A9-4C41-448E-958D-EF9AC05440D8}.Debug|Any CPU.Build.0 = Debug|Any CPU
		{7E37C7A9-4C41-448E-958D-EF9AC05440D8}.Release|Any CPU.ActiveCfg = Release|Any CPU
		{7E37C7A9-4C41-448E-958D-EF9AC05440D8}.Release|Any CPU.Build.0 = Release|Any CPU
		{535776F1-1446-4652-AAC4-D64D8DC081C1}.Debug|Any CPU.ActiveCfg = Debug|Any CPU
		{535776F1-1446-4652-AAC4-D64D8DC081C1}.Debug|Any CPU.Build.0 = Debug|Any CPU
		{535776F1-1446-4652-AAC4-D64D8DC081C1}.Debug|Any CPU.Deploy.0 = Debug|Any CPU
		{535776F1-1446-4652-AAC4-D64D8DC081C1}.Release|Any CPU.ActiveCfg = Release|Any CPU
		{535776F1-1446-4652-AAC4-D64D8DC081C1}.Release|Any CPU.Build.0 = Release|Any CPU
		{535776F1-1446-4652-AAC4-D64D8DC081C1}.Release|Any CPU.Deploy.0 = Release|Any CPU
		{E3D8EAAD-2954-4134-8E2E-98AE5E11E319}.Debug|Any CPU.ActiveCfg = Debug|Any CPU
		{E3D8EAAD-2954-4134-8E2E-98AE5E11E319}.Debug|Any CPU.Build.0 = Debug|Any CPU
		{E3D8EAAD-2954-4134-8E2E-98AE5E11E319}.Release|Any CPU.ActiveCfg = Release|Any CPU
		{E3D8EAAD-2954-4134-8E2E-98AE5E11E319}.Release|Any CPU.Build.0 = Release|Any CPU
		{E637C5DA-5137-4CE1-857A-BC30B98E7A43}.Debug|Any CPU.ActiveCfg = Debug|Any CPU
		{E637C5DA-5137-4CE1-857A-BC30B98E7A43}.Debug|Any CPU.Build.0 = Debug|Any CPU
		{E637C5DA-5137-4CE1-857A-BC30B98E7A43}.Release|Any CPU.ActiveCfg = Release|Any CPU
		{E637C5DA-5137-4CE1-857A-BC30B98E7A43}.Release|Any CPU.Build.0 = Release|Any CPU
	EndGlobalSection
	GlobalSection(SolutionProperties) = preSolution
		HideSolutionNode = FALSE
	EndGlobalSection
	GlobalSection(NestedProjects) = preSolution
		{7E37C7A9-4C41-448E-958D-EF9AC05440D8} = {7C8879B4-27FA-433D-B65A-64433D744317}
		{535776F1-1446-4652-AAC4-D64D8DC081C1} = {48FB8D43-0EF7-46FE-B7B8-F5487DD70FE7}
	EndGlobalSection
	GlobalSection(ExtensibilityGlobals) = postSolution
		SolutionGuid = {68A76AAE-6395-47F8-BF92-77913EC897F5}
	EndGlobalSection
EndGlobal
