
Microsoft Visual Studio Solution File, Format Version 12.00
# Visual Studio Version 17
VisualStudioVersion = 17.11.35327.3
MinimumVisualStudioVersion = 10.0.40219.1
Project("{FAE04EC0-301F-11D3-BF4B-00C04F79EFBC}") = "TaskPlanner.Server", "TaskPlanner.Server\TaskPlanner.Server.csproj", "{7E37C7A9-4C41-448E-958D-EF9AC05440D8}"
EndProject
Project("{54A90642-561A-4BB1-A94E-469ADEE60C69}") = "taskplanner.client", "taskplanner.client\taskplanner.client.esproj", "{535776F1-1446-4652-AAC4-D64D8DC081C1}"
EndProject
Global
	GlobalSection(SolutionConfigurationPlatforms) = preSolution
		Debug|Any CPU = Debug|Any CPU
		Release|Any CPU = Release|Any CPU
	EndGlobalSection
	GlobalSection(ProjectConfigurationPlatforms) = postSolution
		{7E37C7A9-4C41-448E-958D-EF9AC05440D8}.Debug|Any CPU.ActiveCfg = Debug|Any CPU
		{7E37C7A9-4C41-448E-958D-EF9AC05440D8}.Debug|Any CPU.Build.0 = Debug|Any CPU
		{7E37C7A9-4C41-448E-958D-EF9AC05440D8}.Release|Any CPU.ActiveCfg = Release|Any CPU
		{7E37C7A9-4C41-448E-958D-EF9AC05440D8}.Release|Any CPU.Build.0 = Release|Any CPU
		{535776F1-1446-4652-AAC4-D64D8DC081C1}.Debug|Any CPU.ActiveCfg = Debug|Any CPU
		{535776F1-1446-4652-AAC4-D64D8DC081C1}.Debug|Any CPU.Build.0 = Debug|Any CPU
		{535776F1-1446-4652-AAC4-D64D8DC081C1}.Debug|Any CPU.Deploy.0 = Debug|Any CPU
		{535776F1-1446-4652-AAC4-D64D8DC081C1}.Release|Any CPU.ActiveCfg = Release|Any CPU
		{535776F1-1446-4652-AAC4-D64D8DC081C1}.Release|Any CPU.Build.0 = Release|Any CPU
		{535776F1-1446-4652-AAC4-D64D8DC081C1}.Release|Any CPU.Deploy.0 = Release|Any CPU
	EndGlobalSection
	GlobalSection(SolutionProperties) = preSolution
		HideSolutionNode = FALSE
	EndGlobalSection
	GlobalSection(ExtensibilityGlobals) = postSolution
		SolutionGuid = {68A76AAE-6395-47F8-BF92-77913EC897F5}
	EndGlobalSection
EndGlobal
